
Microsoft Visual Studio Solution File, Format Version 12.00
# Visual Studio Version 17
VisualStudioVersion = 17.8.34408.163
MinimumVisualStudioVersion = 10.0.40219.1
Project("{FAE04EC0-301F-11D3-BF4B-00C04F79EFBC}") = "WebApplication6", "WebApplication6.csproj", "{340DAF9F-CF86-46E7-8419-C1A3C5C921E6}"
EndProject
Global
	GlobalSection(SolutionConfigurationPlatforms) = preSolution
		Debug|Any CPU = Debug|Any CPU
		Release|Any CPU = Release|Any CPU
	EndGlobalSection
	GlobalSection(ProjectConfigurationPlatforms) = postSolution
		{340DAF9F-CF86-46E7-8419-C1A3C5C921E6}.Debug|Any CPU.ActiveCfg = Debug|Any CPU
		{340DAF9F-CF86-46E7-8419-C1A3C5C921E6}.Debug|Any CPU.Build.0 = Debug|Any CPU
		{340DAF9F-CF86-46E7-8419-C1A3C5C921E6}.Release|Any CPU.ActiveCfg = Release|Any CPU
		{340DAF9F-CF86-46E7-8419-C1A3C5C921E6}.Release|Any CPU.Build.0 = Release|Any CPU
	EndGlobalSection
	GlobalSection(SolutionProperties) = preSolution
		HideSolutionNode = FALSE
	EndGlobalSection
	GlobalSection(ExtensibilityGlobals) = postSolution
		SolutionGuid = {3056CD42-4D18-4235-9960-F6414638EDB5}
	EndGlobalSection
EndGlobal
